
Microsoft Visual Studio Solution File, Format Version 12.00
# Visual Studio Version 17
VisualStudioVersion = 17.0.32112.339
MinimumVisualStudioVersion = 10.0.40219.1
Project("{8BC9CEB8-8B4A-11D0-8D11-00A0C91BC942}") = "CG_20231_08", "CG_20231_08\CG_20231_08.vcxproj", "{47CCED7A-5C13-435E-8C06-86585EDC5FF2}"
EndProject
Global
	GlobalSection(SolutionConfigurationPlatforms) = preSolution
		Debug|x64 = Debug|x64
		Debug|x86 = Debug|x86
		Release|x64 = Release|x64
		Release|x86 = Release|x86
	EndGlobalSection
	GlobalSection(ProjectConfigurationPlatforms) = postSolution
		{47CCED7A-5C13-435E-8C06-86585EDC5FF2}.Debug|x64.ActiveCfg = Debug|x64
		{47CCED7A-5C13-435E-8C06-86585EDC5FF2}.Debug|x64.Build.0 = Debug|x64
		{47CCED7A-5C13-435E-8C06-86585EDC5FF2}.Debug|x86.ActiveCfg = Debug|Win32
		{47CCED7A-5C13-435E-8C06-86585EDC5FF2}.Debug|x86.Build.0 = Debug|Win32
		{47CCED7A-5C13-435E-8C06-86585EDC5FF2}.Release|x64.ActiveCfg = Release|x64
		{47CCED7A-5C13-435E-8C06-86585EDC5FF2}.Release|x64.Build.0 = Release|x64
		{47CCED7A-5C13-435E-8C06-86585EDC5FF2}.Release|x86.ActiveCfg = Release|Win32
		{47CCED7A-5C13-435E-8C06-86585EDC5FF2}.Release|x86.Build.0 = Release|Win32
	EndGlobalSection
	GlobalSection(SolutionProperties) = preSolution
		HideSolutionNode = FALSE
	EndGlobalSection
	GlobalSection(ExtensibilityGlobals) = postSolution
		SolutionGuid = {27B94A63-AA73-4216-8E74-4A5AB0327CB9}
	EndGlobalSection
EndGlobal
